<?xml version="1.0" encoding="utf-8"?>
<Project ToolsVersion="4.0" xmlns="http://schemas.microsoft.com/developer/msbuild/2003">
  <ItemGroup>
    <ClCompile Include="BLL\BaseBLL.cpp">
      <Filter>BLL</Filter>
    </ClCompile>
    <ClCompile Include="DAL\BaseDAL.cpp">
      <Filter>DAL</Filter>
    </ClCompile>
    <ClCompile Include="ODL\BaseODL.cpp">
      <Filter>ODL</Filter>
    </ClCompile>
    <ClCompile Include="BLL\DecorBLL.cpp">
      <Filter>BLL</Filter>
    </ClCompile>
    <ClCompile Include="DAL\DecorDAL.cpp">
      <Filter>DAL</Filter>
    </ClCompile>
    <ClCompile Include="DAL\DesignDAL.cpp">
      <Filter>DAL</Filter>
    </ClCompile>
    <ClCompile Include="DAL\FloorDAL.cpp">
      <Filter>DAL</Filter>
    </ClCompile>
    <ClCompile Include="DAL\ObjGroupDAL.cpp">
      <Filter>DAL</Filter>
    </ClCompile>
    <ClCompile Include="DAL\OrderDAL.cpp">
      <Filter>DAL</Filter>
    </ClCompile>
    <ClCompile Include="DAL\SkinUnitDAL.cpp">
      <Filter>DAL</Filter>
    </ClCompile>
    <ClCompile Include="DAL\WallFaceDAL.cpp">
      <Filter>DAL</Filter>
    </ClCompile>
    <ClCompile Include="DAL\WallDAL.cpp">
      <Filter>DAL</Filter>
    </ClCompile>
    <ClCompile Include="DAL\WallFaceZoneDAL.cpp">
      <Filter>DAL</Filter>
    </ClCompile>
    <ClCompile Include="BLL\DesignBLL.cpp">
      <Filter>BLL</Filter>
    </ClCompile>
    <ClCompile Include="BLL\FloorBLL.cpp">
      <Filter>BLL</Filter>
    </ClCompile>
    <ClCompile Include="BLL\RoomStyleBLL.cpp">
      <Filter>BLL</Filter>
    </ClCompile>
    <ClCompile Include="BLL\RoomStyleLineBLL.cpp">
      <Filter>BLL</Filter>
    </ClCompile>
    <ClCompile Include="BLL\SkinUnitBLL.cpp">
      <Filter>BLL</Filter>
    </ClCompile>
    <ClCompile Include="BLL\WallBLL.cpp">
      <Filter>BLL</Filter>
    </ClCompile>
    <ClCompile Include="BLL\WallFaceBLL.cpp">
      <Filter>BLL</Filter>
    </ClCompile>
    <ClCompile Include="BLL\WallFaceZoneBLL.cpp">
      <Filter>BLL</Filter>
    </ClCompile>
    <ClCompile Include="irrEngine\irrEngine.cpp">
      <Filter>IrrEngine</Filter>
    </ClCompile>
    <ClCompile Include="BLL\ObjGroupBLL.cpp">
      <Filter>BLL</Filter>
    </ClCompile>
    <ClCompile Include="BLL\OrderBLL.cpp">
      <Filter>BLL</Filter>
    </ClCompile>
    <ClCompile Include="ChildFrm.cpp">
      <Filter>src</Filter>
    </ClCompile>
    <ClCompile Include="CtrlFuncView.cpp">
      <Filter>src</Filter>
    </ClCompile>
    <ClCompile Include="DragDataListCtrl.cpp">
      <Filter>src</Filter>
    </ClCompile>
    <ClCompile Include="MainFrm.cpp">
      <Filter>src</Filter>
    </ClCompile>
    <ClCompile Include="stdafx.cpp">
      <Filter>src</Filter>
    </ClCompile>
    <ClCompile Include="SubViewer.cpp">
      <Filter>src</Filter>
    </ClCompile>
    <ClCompile Include="TestDrawPic.cpp">
      <Filter>src</Filter>
    </ClCompile>
    <ClCompile Include="TestDrawPicDoc.cpp">
      <Filter>src</Filter>
    </ClCompile>
    <ClCompile Include="TestDrawPicView.cpp">
      <Filter>src</Filter>
    </ClCompile>
    <ClCompile Include="irrEngine\SRenderContext.cpp">
      <Filter>IrrEngine</Filter>
    </ClCompile>
    <ClCompile Include="irrEngine\XEffect\CShaderPre.cpp">
      <Filter>IrrEngine\XEffect</Filter>
    </ClCompile>
    <ClCompile Include="irrEngine\XEffect\EffectHandler.cpp">
      <Filter>IrrEngine\XEffect</Filter>
    </ClCompile>
    <ClCompile Include="NumberTextCtrl.cpp">
      <Filter>src</Filter>
    </ClCompile>
    <ClCompile Include="irrEngine\XEffect\SSAORenderCallback.cpp">
      <Filter>IrrEngine\XEffect</Filter>
    </ClCompile>
    <ClCompile Include="irrEngine\TestSSAORB.cpp">
      <Filter>IrrEngine</Filter>
    </ClCompile>
    <ClCompile Include="DAL\DBConnection.cpp">
      <Filter>DAL</Filter>
    </ClCompile>
    <ClCompile Include="DAL\sqlite3.c">
      <Filter>DAL</Filter>
    </ClCompile>
    <ClCompile Include="DAL\DataManager.cpp">
      <Filter>DAL</Filter>
    </ClCompile>
    <ClCompile Include="DAL\SkinDAL.cpp">
      <Filter>DAL</Filter>
    </ClCompile>
    <ClCompile Include="irrEngine\IrrExtension\CameraFollowSplineAnimator.cpp">
      <Filter>IrrEngine\IrrExtension</Filter>
    </ClCompile>
    <ClCompile Include="irrEngine\IrrExtension\OrthoCameraRH.cpp">
      <Filter>IrrEngine\IrrExtension</Filter>
    </ClCompile>
    <ClCompile Include="irrEngine\IrrExtension\SimpleFPSAnimator.cpp">
      <Filter>IrrEngine\IrrExtension</Filter>
    </ClCompile>
    <ClCompile Include="irrEngine\IrrExtension\SimpleMayaAnimator.cpp">
      <Filter>IrrEngine\IrrExtension</Filter>
    </ClCompile>
    <ClCompile Include="irrEngine\IrrExtension\SimpleOrthoAnimator.cpp">
      <Filter>IrrEngine\IrrExtension</Filter>
    </ClCompile>
    <ClCompile Include="irrEngine\MetaRenderController.cpp">
      <Filter>IrrEngine</Filter>
    </ClCompile>
    <ClCompile Include="irrEngine\IrrExtension\GUIImageButton.cpp">
      <Filter>IrrEngine\IrrExtension</Filter>
    </ClCompile>
    <ClCompile Include="irrEngine\IrrExtension\SceneNode2D.cpp">
      <Filter>IrrEngine\IrrExtension</Filter>
    </ClCompile>
    <ClCompile Include="irrEngine\IrrExtension\BaseSceneNode.cpp">
      <Filter>IrrEngine\IrrExtension</Filter>
    </ClCompile>
    <ClCompile Include="irrEngine\IrrExtension\SceneNode3D.cpp">
      <Filter>IrrEngine\IrrExtension</Filter>
    </ClCompile>
    <ClCompile Include="irrEngine\IrrExtension\CombineSceneNode.cpp">
      <Filter>IrrEngine\IrrExtension</Filter>
    </ClCompile>
    <ClCompile Include="ODL\ODLTools.cpp">
      <Filter>ODL</Filter>
    </ClCompile>
    <ClCompile Include="ODL\DesignODL.cpp">
      <Filter>ODL</Filter>
    </ClCompile>
    <ClCompile Include="ODL\WallODL.cpp">
      <Filter>ODL</Filter>
    </ClCompile>
    <ClCompile Include="irrEngine\IrrExtension\ExtShaders.cpp">
      <Filter>IrrEngine\IrrExtension</Filter>
    </ClCompile>
    <ClCompile Include="RenderController\StatesController.cpp">
      <Filter>RenderController</Filter>
    </ClCompile>
    <ClCompile Include="RenderController\CameraController.cpp">
      <Filter>RenderController</Filter>
    </ClCompile>
    <ClCompile Include="RenderController\FlyCameraController.cpp">
      <Filter>RenderController</Filter>
    </ClCompile>
    <ClCompile Include="RenderController\GridController.cpp">
      <Filter>RenderController</Filter>
    </ClCompile>
    <ClCompile Include="RenderController\GUIController.cpp">
      <Filter>RenderController</Filter>
    </ClCompile>
    <ClCompile Include="RenderController\ResizeController.cpp">
      <Filter>RenderController</Filter>
    </ClCompile>
    <ClCompile Include="RenderController\TopPickingController.cpp">
      <Filter>RenderController</Filter>
    </ClCompile>
    <ClCompile Include="ODL\ShapeSceneNode.cpp">
      <Filter>ODL</Filter>
    </ClCompile>
    <ClCompile Include="RenderController\UpdateTransformingCtrller.cpp">
      <Filter>RenderController</Filter>
    </ClCompile>
    <ClCompile Include="RenderController\TestDecorGUIBoard.cpp">
      <Filter>RenderController</Filter>
    </ClCompile>
    <ClCompile Include="ODL\MeshSceneNode\WallMeshNode2D.cpp">
      <Filter>ODL\MeshSceneNode</Filter>
    </ClCompile>
    <ClCompile Include="ODL\MeshSceneNode\DoorMeshNode2D.cpp">
      <Filter>ODL\MeshSceneNode</Filter>
    </ClCompile>
    <ClCompile Include="ODL\MeshSceneNode\WindowMeshNode2D.cpp">
      <Filter>ODL\MeshSceneNode</Filter>
    </ClCompile>
    <ClCompile Include="RenderController\TestDrawRoom.cpp">
      <Filter>RenderController</Filter>
    </ClCompile>
    <ClCompile Include="RenderController\FloorPlan\GraphController.cpp">
      <Filter>RenderController\FloorPlan</Filter>
    </ClCompile>
    <ClCompile Include="RenderController\FloorPlan\Wall.cpp">
      <Filter>RenderController\FloorPlan</Filter>
    </ClCompile>
    <ClCompile Include="ODL\GraphODL.cpp">
      <Filter>ODL</Filter>
    </ClCompile>
    <ClCompile Include="ODL\CornerODL.cpp">
      <Filter>ODL</Filter>
    </ClCompile>
  </ItemGroup>
  <ItemGroup>
    <ClInclude Include="BLL\BaseBLL.h">
      <Filter>BLL</Filter>
    </ClInclude>
    <ClInclude Include="DAL\BaseDAL.h">
      <Filter>DAL</Filter>
    </ClInclude>
    <ClInclude Include="ODL\BaseODL.h">
      <Filter>ODL</Filter>
    </ClInclude>
    <ClInclude Include="BLL\DecorBLL.h">
      <Filter>BLL</Filter>
    </ClInclude>
    <ClInclude Include="DAL\DecorDAL.h">
      <Filter>DAL</Filter>
    </ClInclude>
    <ClInclude Include="DAL\DesignDAL.h">
      <Filter>DAL</Filter>
    </ClInclude>
    <ClInclude Include="DAL\FloorDAL.h">
      <Filter>DAL</Filter>
    </ClInclude>
    <ClInclude Include="DAL\ObjGroupDAL.h">
      <Filter>DAL</Filter>
    </ClInclude>
    <ClInclude Include="DAL\OrderDAL.h">
      <Filter>DAL</Filter>
    </ClInclude>
    <ClInclude Include="DAL\SkinUnitDAL.h">
      <Filter>DAL</Filter>
    </ClInclude>
    <ClInclude Include="DAL\WallFaceDAL.h">
      <Filter>DAL</Filter>
    </ClInclude>
    <ClInclude Include="DAL\WallDAL.h">
      <Filter>DAL</Filter>
    </ClInclude>
    <ClInclude Include="DAL\WallFaceZoneDAL.h">
      <Filter>DAL</Filter>
    </ClInclude>
    <ClInclude Include="BLL\DesignBLL.h">
      <Filter>BLL</Filter>
    </ClInclude>
    <ClInclude Include="BLL\FloorBLL.h">
      <Filter>BLL</Filter>
    </ClInclude>
    <ClInclude Include="BLL\RoomStyleBLL.h">
      <Filter>BLL</Filter>
    </ClInclude>
    <ClInclude Include="BLL\RoomStyleLineBLL.h">
      <Filter>BLL</Filter>
    </ClInclude>
    <ClInclude Include="BLL\SkinUnitBLL.h">
      <Filter>BLL</Filter>
    </ClInclude>
    <ClInclude Include="BLL\WallBLL.h">
      <Filter>BLL</Filter>
    </ClInclude>
    <ClInclude Include="BLL\WallFaceBLL.h">
      <Filter>BLL</Filter>
    </ClInclude>
    <ClInclude Include="BLL\WallFaceZoneBLL.h">
      <Filter>BLL</Filter>
    </ClInclude>
    <ClInclude Include="irrEngine\irrEngine.h">
      <Filter>IrrEngine</Filter>
    </ClInclude>
    <ClInclude Include="irrEngine\irrEngineFwd.h">
      <Filter>IrrEngine</Filter>
    </ClInclude>
    <ClInclude Include="irrEngine\EShaderType.h">
      <Filter>IrrEngine</Filter>
    </ClInclude>
    <ClInclude Include="BLL\ObjGroupBLL.h">
      <Filter>BLL</Filter>
    </ClInclude>
    <ClInclude Include="BLL\OrderBLL.h">
      <Filter>BLL</Filter>
    </ClInclude>
    <ClInclude Include="ChildFrm.h">
      <Filter>src</Filter>
    </ClInclude>
    <ClInclude Include="CtrlFuncView.h">
      <Filter>src</Filter>
    </ClInclude>
    <ClInclude Include="DragDataListCtrl.h">
      <Filter>src</Filter>
    </ClInclude>
    <ClInclude Include="MainFrm.h">
      <Filter>src</Filter>
    </ClInclude>
    <ClInclude Include="irrEngine\MaterialRenderer.h">
      <Filter>src</Filter>
    </ClInclude>
    <ClInclude Include="PublicDefine.h">
      <Filter>src</Filter>
    </ClInclude>
    <ClInclude Include="Resource.h">
      <Filter>src</Filter>
    </ClInclude>
    <ClInclude Include="stdafx.h">
      <Filter>src</Filter>
    </ClInclude>
    <ClInclude Include="SubViewer.h">
      <Filter>src</Filter>
    </ClInclude>
    <ClInclude Include="targetver.h">
      <Filter>src</Filter>
    </ClInclude>
    <ClInclude Include="TestDrawPic.h">
      <Filter>src</Filter>
    </ClInclude>
    <ClInclude Include="TestDrawPicDoc.h">
      <Filter>src</Filter>
    </ClInclude>
    <ClInclude Include="TestDrawPicView.h">
      <Filter>src</Filter>
    </ClInclude>
    <ClInclude Include="irrEngine\SRenderContext.h">
      <Filter>IrrEngine</Filter>
    </ClInclude>
    <ClInclude Include="irrEngine\SRenderContextFwd.h">
      <Filter>IrrEngine</Filter>
    </ClInclude>
    <ClInclude Include="irrEngine\XEffect\CScreenQuad.h">
      <Filter>IrrEngine\XEffect</Filter>
    </ClInclude>
    <ClInclude Include="irrEngine\XEffect\CShaderPre.h">
      <Filter>IrrEngine\XEffect</Filter>
    </ClInclude>
    <ClInclude Include="irrEngine\XEffect\EffectCB.h">
      <Filter>IrrEngine\XEffect</Filter>
    </ClInclude>
    <ClInclude Include="irrEngine\XEffect\EffectHandler.h">
      <Filter>IrrEngine\XEffect</Filter>
    </ClInclude>
    <ClInclude Include="irrEngine\XEffect\EffectShaders.h">
      <Filter>IrrEngine\XEffect</Filter>
    </ClInclude>
    <ClInclude Include="irrEngine\XEffect\XEffects.h">
      <Filter>IrrEngine\XEffect</Filter>
    </ClInclude>
    <ClInclude Include="NumberTextCtrl.h">
      <Filter>src</Filter>
    </ClInclude>
    <ClInclude Include="irrEngine\XEffect\IPostProcessingRenderCallback.h">
      <Filter>IrrEngine\XEffect</Filter>
    </ClInclude>
    <ClInclude Include="irrEngine\XEffect\SSAORenderCallback.h">
      <Filter>IrrEngine\XEffect</Filter>
    </ClInclude>
    <ClInclude Include="irrEngine\TestSSAORB.h">
      <Filter>IrrEngine</Filter>
    </ClInclude>
    <ClInclude Include="DAL\DBConnection.h">
      <Filter>DAL</Filter>
    </ClInclude>
    <ClInclude Include="DAL\sqlite3.h">
      <Filter>DAL</Filter>
    </ClInclude>
    <ClInclude Include="DAL\DataManager.h">
      <Filter>DAL</Filter>
    </ClInclude>
    <ClInclude Include="DAL\SkinDAL.h">
      <Filter>DAL</Filter>
    </ClInclude>
    <ClInclude Include="irrEngine\IrrExtension\CameraFollowSplineAnimator.h">
      <Filter>IrrEngine\IrrExtension</Filter>
    </ClInclude>
    <ClInclude Include="irrEngine\IrrExtension\OrthoCameraRH.h">
      <Filter>IrrEngine\IrrExtension</Filter>
    </ClInclude>
    <ClInclude Include="irrEngine\IrrExtension\SimpleFPSAnimator.h">
      <Filter>IrrEngine\IrrExtension</Filter>
    </ClInclude>
    <ClInclude Include="irrEngine\IrrExtension\SimpleMayaAnimator.h">
      <Filter>IrrEngine\IrrExtension</Filter>
    </ClInclude>
    <ClInclude Include="irrEngine\IrrExtension\SimpleOrthoAnimator.h">
      <Filter>IrrEngine\IrrExtension</Filter>
    </ClInclude>
    <ClInclude Include="irrEngine\IRenderController.h">
      <Filter>IrrEngine</Filter>
    </ClInclude>
    <ClInclude Include="irrEngine\MetaRenderController.h">
      <Filter>IrrEngine</Filter>
    </ClInclude>
    <ClInclude Include="irrEngine\IrrExtension\GUIImageButton.h">
      <Filter>IrrEngine\IrrExtension</Filter>
    </ClInclude>
    <ClInclude Include="irrEngine\IrrExtension\SceneNode2D.h">
      <Filter>IrrEngine\IrrExtension</Filter>
    </ClInclude>
    <ClInclude Include="irrEngine\IrrExtension\SceneNode3D.h">
      <Filter>IrrEngine\IrrExtension</Filter>
    </ClInclude>
    <ClInclude Include="irrEngine\IrrExtension\BaseSceneNode.h">
      <Filter>IrrEngine\IrrExtension</Filter>
    </ClInclude>
    <ClInclude Include="irrEngine\IrrExtension\CombineSceneNode.h">
      <Filter>IrrEngine\IrrExtension</Filter>
    </ClInclude>
    <ClInclude Include="ODL\ODLTools.h">
      <Filter>ODL</Filter>
    </ClInclude>
    <ClInclude Include="ODL\TSceneNode.h">
      <Filter>ODL</Filter>
    </ClInclude>
    <ClInclude Include="ODL\BaseODLFwd.h">
      <Filter>ODL</Filter>
    </ClInclude>
    <ClInclude Include="ODL\DesignODL.h">
      <Filter>ODL</Filter>
    </ClInclude>
    <ClInclude Include="ODL\WallODL.h">
      <Filter>ODL</Filter>
    </ClInclude>
    <ClInclude Include="StatusMgr.h">
      <Filter>src</Filter>
    </ClInclude>
    <ClInclude Include="irrEngine\IrrExtension\ExtShaders.h">
      <Filter>IrrEngine\IrrExtension</Filter>
    </ClInclude>
    <ClInclude Include="RenderController\StatesController.h">
      <Filter>RenderController</Filter>
    </ClInclude>
    <ClInclude Include="RenderController\TopViewController.h">
      <Filter>RenderController</Filter>
    </ClInclude>
    <ClInclude Include="RenderController\CameraController.h">
      <Filter>RenderController</Filter>
    </ClInclude>
    <ClInclude Include="RenderController\EventUserType.h">
      <Filter>RenderController</Filter>
    </ClInclude>
    <ClInclude Include="RenderController\FlyCameraController.h">
      <Filter>RenderController</Filter>
    </ClInclude>
    <ClInclude Include="RenderController\GridController.h">
      <Filter>RenderController</Filter>
    </ClInclude>
    <ClInclude Include="RenderController\GUIController.h">
      <Filter>RenderController</Filter>
    </ClInclude>
    <ClInclude Include="RenderController\ResizeController.h">
      <Filter>RenderController</Filter>
    </ClInclude>
    <ClInclude Include="RenderController\TopPickingController.h">
      <Filter>RenderController</Filter>
    </ClInclude>
    <ClInclude Include="ODL\ShapeSceneNode.h">
      <Filter>ODL</Filter>
    </ClInclude>
    <ClInclude Include="RenderController\UpdateTransformingCtrller.h">
      <Filter>RenderController</Filter>
    </ClInclude>
    <ClInclude Include="RenderController\TestDecorGUIBoard.h">
      <Filter>RenderController</Filter>
    </ClInclude>
    <ClInclude Include="ODL\MeshSceneNode\WallMeshNode2D.h">
      <Filter>ODL\MeshSceneNode</Filter>
    </ClInclude>
    <ClInclude Include="ODL\MeshSceneNode\DoorMeshNode2D.h">
      <Filter>ODL\MeshSceneNode</Filter>
    </ClInclude>
    <ClInclude Include="ODL\MeshSceneNode\WindowMeshNode2D.h">
      <Filter>ODL\MeshSceneNode</Filter>
    </ClInclude>
    <ClInclude Include="RenderController\TestDrawRoom.h">
      <Filter>RenderController</Filter>
    </ClInclude>
    <ClInclude Include="RenderController\FloorPlan\Graph.h">
      <Filter>RenderController\FloorPlan</Filter>
    </ClInclude>
    <ClInclude Include="RenderController\FloorPlan\Room.h">
      <Filter>RenderController\FloorPlan</Filter>
    </ClInclude>
    <ClInclude Include="RenderController\FloorPlan\Wall.h">
      <Filter>RenderController\FloorPlan</Filter>
    </ClInclude>
    <ClInclude Include="RenderController\FloorPlan\Corner.h">
      <Filter>RenderController\FloorPlan</Filter>
    </ClInclude>
    <ClInclude Include="RenderController\FloorPlan\CornerFwd.h">
      <Filter>RenderController\FloorPlan</Filter>
    </ClInclude>
    <ClInclude Include="RenderController\FloorPlan\RoomFwd.h">
      <Filter>RenderController\FloorPlan</Filter>
    </ClInclude>
    <ClInclude Include="RenderController\FloorPlan\WallFwd.h">
      <Filter>RenderController\FloorPlan</Filter>
    </ClInclude>
    <ClInclude Include="RenderController\FloorPlan\GraphController.h">
      <Filter>RenderController\FloorPlan</Filter>
    </ClInclude>
    <ClInclude Include="ODL\CornerODLFwd.h">
      <Filter>ODL</Filter>
    </ClInclude>
    <ClInclude Include="ODL\CornerODL.h">
      <Filter>ODL</Filter>
    </ClInclude>
    <ClInclude Include="ODL\GraphODL.h">
      <Filter>ODL</Filter>
    </ClInclude>
    <ClInclude Include="ODL\WallODLFwd.h">
      <Filter>ODL</Filter>
    </ClInclude>
    <ClInclude Include="ODL\GraphODLFwd.h">
      <Filter>ODL</Filter>
    </ClInclude>
  </ItemGroup>
  <ItemGroup>
    <Image Include="res\buttons.bmp">
      <Filter>res</Filter>
    </Image>
    <Image Include="res\bmp00001.bmp">
      <Filter>res</Filter>
    </Image>
    <Image Include="Data\Resource\default.png">
      <Filter>res</Filter>
    </Image>
    <Image Include="res\filelarge.bmp">
      <Filter>res</Filter>
    </Image>
    <Image Include="res\filesmall.bmp">
      <Filter>res</Filter>
    </Image>
    <Image Include="res\info.bmp">
      <Filter>res</Filter>
    </Image>
    <Image Include="res\main.bmp">
      <Filter>res</Filter>
    </Image>
    <Image Include="res\nav_large.bmp">
      <Filter>res</Filter>
    </Image>
    <Image Include="res\nav_large_hc.bmp">
      <Filter>res</Filter>
    </Image>
    <Image Include="res\pages.bmp">
      <Filter>res</Filter>
    </Image>
    <Image Include="res\pages_hc.bmp">
      <Filter>res</Filter>
    </Image>
    <Image Include="res\pages_small.bmp">
      <Filter>res</Filter>
    </Image>
    <Image Include="res\pages_small_hc.bmp">
      <Filter>res</Filter>
    </Image>
    <Image Include="Data\Resource\Skin\show.jpg">
      <Filter>res</Filter>
    </Image>
    <Image Include="res\TestDrawPic.ico">
      <Filter>res</Filter>
    </Image>
    <Image Include="res\TestDrawPicDoc.ico">
      <Filter>res</Filter>
    </Image>
    <Image Include="res\Toolbar.bmp">
      <Filter>res</Filter>
    </Image>
    <Image Include="res\toolbar1.bmp">
      <Filter>res</Filter>
    </Image>
    <Image Include="res\Toolbar256.bmp">
      <Filter>res</Filter>
    </Image>
    <Image Include="res\writelarge.bmp">
      <Filter>res</Filter>
    </Image>
    <Image Include="res\writesmall.bmp">
      <Filter>res</Filter>
    </Image>
  </ItemGroup>
  <ItemGroup>
    <None Include="res\TestDrawPic.rc2">
      <Filter>res</Filter>
    </None>
    <None Include="res\ribbon.mfcribbon-ms">
      <Filter>src</Filter>
    </None>
  </ItemGroup>
  <ItemGroup>
    <Filter Include="BLL">
      <UniqueIdentifier>{6cdf05bc-99e0-49e2-8752-a8bd94baf231}</UniqueIdentifier>
    </Filter>
    <Filter Include="ODL">
      <UniqueIdentifier>{eb5719ee-c64e-47cd-b441-2a09db0931b4}</UniqueIdentifier>
    </Filter>
    <Filter Include="DAL">
      <UniqueIdentifier>{7a7a1e6a-c201-48fd-a434-f13180943927}</UniqueIdentifier>
    </Filter>
    <Filter Include="Dlg">
      <UniqueIdentifier>{37ab8372-3a8a-443b-8104-a1d1ed800d99}</UniqueIdentifier>
    </Filter>
    <Filter Include="res">
      <UniqueIdentifier>{d98f7524-7bf9-41e5-a302-00f53144e416}</UniqueIdentifier>
    </Filter>
    <Filter Include="IrrEngine">
      <UniqueIdentifier>{d455667c-cc88-4ed1-a30e-f16f6e0c30cb}</UniqueIdentifier>
    </Filter>
    <Filter Include="src">
      <UniqueIdentifier>{8b03542b-f7f2-4cfc-815d-0a105702ef3b}</UniqueIdentifier>
    </Filter>
    <Filter Include="IrrEngine\XEffect">
      <UniqueIdentifier>{f9c92006-4883-47fc-a176-259885624298}</UniqueIdentifier>
    </Filter>
    <Filter Include="IrrEngine\IrrExtension">
      <UniqueIdentifier>{b6c0d666-cc56-4fa8-889e-606ab5f1b56a}</UniqueIdentifier>
    </Filter>
    <Filter Include="RenderController">
      <UniqueIdentifier>{95520caa-429e-41dc-990e-0add94df28fe}</UniqueIdentifier>
    </Filter>
    <Filter Include="RenderController\2D">
      <UniqueIdentifier>{d6a5c821-3f0d-43fb-986c-4afee75709b9}</UniqueIdentifier>
    </Filter>
    <Filter Include="ODL\MeshSceneNode">
      <UniqueIdentifier>{b22615fd-ddca-4d24-bf1b-d41a4c14d9d3}</UniqueIdentifier>
    </Filter>
    <Filter Include="RenderController\FloorPlan">
      <UniqueIdentifier>{5db0adf6-a3fe-4073-b1f8-5571a322dba2}</UniqueIdentifier>
    </Filter>
  </ItemGroup>
  <ItemGroup>
    <ResourceCompile Include="TestDrawPic.rc">
      <Filter>res</Filter>
    </ResourceCompile>
  </ItemGroup>
  <ItemGroup>
    <Text Include="ReadMe.txt">
      <Filter>src</Filter>
    </Text>
  </ItemGroup>
</Project>